
Microsoft Visual Studio Solution File, Format Version 12.00
# Visual Studio Version 17
VisualStudioVersion = 17.12.36631.10 d17.12
MinimumVisualStudioVersion = 10.0.40219.1
Project("{FAE04EC0-301F-11D3-BF4B-00C04F79EFBC}") = "backend", "backend.csproj", "{2DBB9680-2440-419F-8FB4-320288068F66}"
EndProject
Project("{2150E333-8FDC-42A3-9474-1A3956D46DE8}") = "Solution Items", "Solution Items", "{1AD2D0DD-D6B9-4DEC-BC30-8B836F577C5D}"
	ProjectSection(SolutionItems) = preProject
		NuGet.config = NuGet.config
	EndProjectSection
EndProject
Global
	GlobalSection(SolutionConfigurationPlatforms) = preSolution
		Debug|Any CPU = Debug|Any CPU
		Release|Any CPU = Release|Any CPU
	EndGlobalSection
	GlobalSection(ProjectConfigurationPlatforms) = postSolution
		{2DBB9680-2440-419F-8FB4-320288068F66}.Debug|Any CPU.ActiveCfg = Debug|Any CPU
		{2DBB9680-2440-419F-8FB4-320288068F66}.Debug|Any CPU.Build.0 = Debug|Any CPU
		{2DBB9680-2440-419F-8FB4-320288068F66}.Release|Any CPU.ActiveCfg = Release|Any CPU
		{2DBB9680-2440-419F-8FB4-320288068F66}.Release|Any CPU.Build.0 = Release|Any CPU
	EndGlobalSection
	GlobalSection(SolutionProperties) = preSolution
		HideSolutionNode = FALSE
	EndGlobalSection
EndGlobal
